{
  "name": "hands-on-functional-programming-with-typescript",
  "version": "1.0.0",
  "lockfileVersion": 1,
  "requires": true,
  "dependencies": {
    "@types/ramda": {
      "version": "0.25.45",
      "resolved": "https://registry.npmjs.org/@types/ramda/-/ramda-0.25.45.tgz",
      "integrity": "sha512-J+xlbNyag7wgYRSuvRwu9zZY7t0vM4KMUVHxWLUMegqlz9+97v6jYo2JlvfsVC3qtulx7PKenFKzWCWsdVSCDw=="
    },
    "ramda": {
      "version": "0.26.1",
      "resolved": "https://registry.npmjs.org/ramda/-/ramda-0.26.1.tgz",
      "integrity": "sha512-hLWjpy7EnsDBb0p+Z3B7rPi3GDeRG5ZtiI33kJhTt+ORCd38AbAIjB/9zRIUoeTbE/AVX5ZkU7m6bznsvrf8eQ=="
    },
    "typescript": {
      "version": "3.2.0-dev.20181011",
      "resolved": "https://registry.npmjs.org/typescript/-/typescript-3.2.0-dev.20181011.tgz",
      "integrity": "sha512-YzHmvZSiFIyVOo6g4rpB+BQXl1m3BD2cgpDBhGGGWUuWHAHx3vuJFelShYol7kSPcrrl40PJfCH3AkohK34EcA==",
      "dev": true
    }
  }
}
