{
  "name": "hands-on-functional-programming-with-typescript",
  "version": "1.0.0",
  "lockfileVersion": 1,
  "requires": true,
  "dependencies": {
    "@types/node": {
      "version": "10.12.18",
      "resolved": "https://registry.npmjs.org/@types/node/-/node-10.12.18.tgz",
      "integrity": "sha512-fh+pAqt4xRzPfqA6eh3Z2y6fyZavRIumvjhaCL753+TVkGKGhpPeyrJG2JftD0T9q4GF00KjefsQ+PQNDdWQaQ=="
    },
    "@types/node-fetch": {
      "version": "2.1.4",
      "resolved": "https://registry.npmjs.org/@types/node-fetch/-/node-fetch-2.1.4.tgz",
      "integrity": "sha512-tR1ekaXUGpmzOcDXWU9BW73YfA2/VW1DF1FH+wlJ82BbCSnWTbdX+JkqWQXWKIGsFPnPsYadbXfNgz28g+ccWg==",
      "requires": {
        "@types/node": "*"
      }
    },
    "@types/ramda": {
      "version": "0.25.45",
      "resolved": "https://registry.npmjs.org/@types/ramda/-/ramda-0.25.45.tgz",
      "integrity": "sha512-J+xlbNyag7wgYRSuvRwu9zZY7t0vM4KMUVHxWLUMegqlz9+97v6jYo2JlvfsVC3qtulx7PKenFKzWCWsdVSCDw=="
    },
    "funfix": {
      "version": "7.0.1",
      "resolved": "https://registry.npmjs.org/funfix/-/funfix-7.0.1.tgz",
      "integrity": "sha1-qjO3FiKxi8ZVcHleH3UZnwm9rdo=",
      "requires": {
        "funfix-core": "^7.0.1",
        "funfix-effect": "^7.0.1",
        "funfix-exec": "^7.0.1",
        "funland": "^0.1.4"
      }
    },
    "funfix-core": {
      "version": "7.0.1",
      "resolved": "https://registry.npmjs.org/funfix-core/-/funfix-core-7.0.1.tgz",
      "integrity": "sha1-iUqfOe9YLF1tzJ7zhDgdEoGegJQ=",
      "requires": {
        "funland": "^0.1.4"
      }
    },
    "funfix-effect": {
      "version": "7.0.1",
      "resolved": "https://registry.npmjs.org/funfix-effect/-/funfix-effect-7.0.1.tgz",
      "integrity": "sha1-cV8MVaWa5SBZXafjn5qx4jlUQGk=",
      "requires": {
        "funfix-core": "^7.0.1",
        "funfix-exec": "^7.0.1",
        "funland": "^0.1.4"
      }
    },
    "funfix-exec": {
      "version": "7.0.1",
      "resolved": "https://registry.npmjs.org/funfix-exec/-/funfix-exec-7.0.1.tgz",
      "integrity": "sha1-guR27EopgXzLR0CxcAwKHZwXc04=",
      "requires": {
        "funfix-core": "^7.0.1",
        "funland": "^0.1.4"
      }
    },
    "funland": {
      "version": "0.1.5",
      "resolved": "https://registry.npmjs.org/funland/-/funland-0.1.5.tgz",
      "integrity": "sha512-rwAiqVgWEj3+OrIlARf0ebHwcuoAqukkiqfq3+FPf1FAa2/tbdvxr/FPjJD3FnljSuktwWM3f8jHNRS6ASJIsw=="
    },
    "immer": {
      "version": "1.9.3",
      "resolved": "https://registry.npmjs.org/immer/-/immer-1.9.3.tgz",
      "integrity": "sha512-bUyz3fOHGn82V7h4oVgJGmFglZt53JWwSyVNAT4sO0d7IovHLwLuHbh14uYKY0tewFoDcEdiQW7HuL0NsRVziw=="
    },
    "immutable": {
      "version": "4.0.0-rc.12",
      "resolved": "https://registry.npmjs.org/immutable/-/immutable-4.0.0-rc.12.tgz",
      "integrity": "sha512-0M2XxkZLx/mi3t8NVwIm1g8nHoEmM9p9UBl/G9k4+hm0kBgOVdMV/B3CY5dQ8qG8qc80NN4gDV4HQv6FTJ5q7A=="
    },
    "node-fetch": {
      "version": "2.3.0",
      "resolved": "https://registry.npmjs.org/node-fetch/-/node-fetch-2.3.0.tgz",
      "integrity": "sha512-MOd8pV3fxENbryESLgVIeaGKrdl+uaYhCSSVkjeOb/31/njTpcis5aWfdqgNlHIrKOLRbMnfPINPOML2CIFeXA=="
    },
    "ramda": {
      "version": "0.26.1",
      "resolved": "https://registry.npmjs.org/ramda/-/ramda-0.26.1.tgz",
      "integrity": "sha512-hLWjpy7EnsDBb0p+Z3B7rPi3GDeRG5ZtiI33kJhTt+ORCd38AbAIjB/9zRIUoeTbE/AVX5ZkU7m6bznsvrf8eQ=="
    },
    "rxjs": {
      "version": "6.3.3",
      "resolved": "https://registry.npmjs.org/rxjs/-/rxjs-6.3.3.tgz",
      "integrity": "sha512-JTWmoY9tWCs7zvIk/CvRjhjGaOd+OVBM987mxFo+OW66cGpdKjZcpmc74ES1sB//7Kl/PAe8+wEakuhG4pcgOw==",
      "requires": {
        "tslib": "^1.9.0"
      }
    },
    "tslib": {
      "version": "1.9.3",
      "resolved": "https://registry.npmjs.org/tslib/-/tslib-1.9.3.tgz",
      "integrity": "sha512-4krF8scpejhaOgqzBEcGM7yDIEfi0/8+8zDRZhNZZ2kjmHJ4hv3zCbQWxoJGz1iw5U0Jl0nma13xzHXcncMavQ=="
    },
    "typescript": {
      "version": "3.2.0-dev.20181011",
      "resolved": "https://registry.npmjs.org/typescript/-/typescript-3.2.0-dev.20181011.tgz",
      "integrity": "sha512-YzHmvZSiFIyVOo6g4rpB+BQXl1m3BD2cgpDBhGGGWUuWHAHx3vuJFelShYol7kSPcrrl40PJfCH3AkohK34EcA==",
      "dev": true
    }
  }
}
